
Microsoft Visual Studio Solution File, Format Version 12.00
# Visual Studio Version 16
VisualStudioVersion = 16.0.31402.337
MinimumVisualStudioVersion = 10.0.40219.1
Project("{FAE04EC0-301F-11D3-BF4B-00C04F79EFBC}") = "AdventOfCode2021", "AdventOfCode2021.csproj", "{241BA205-5D77-40B3-9B26-82FC377B7F9E}"
EndProject
Global
	GlobalSection(SolutionConfigurationPlatforms) = preSolution
		Debug|Any CPU = Debug|Any CPU
		Release|Any CPU = Release|Any CPU
	EndGlobalSection
	GlobalSection(ProjectConfigurationPlatforms) = postSolution
		{241BA205-5D77-40B3-9B26-82FC377B7F9E}.Debug|Any CPU.ActiveCfg = Debug|Any CPU
		{241BA205-5D77-40B3-9B26-82FC377B7F9E}.Debug|Any CPU.Build.0 = Debug|Any CPU
		{241BA205-5D77-40B3-9B26-82FC377B7F9E}.Release|Any CPU.ActiveCfg = Release|Any CPU
		{241BA205-5D77-40B3-9B26-82FC377B7F9E}.Release|Any CPU.Build.0 = Release|Any CPU
	EndGlobalSection
	GlobalSection(SolutionProperties) = preSolution
		HideSolutionNode = FALSE
	EndGlobalSection
	GlobalSection(ExtensibilityGlobals) = postSolution
		SolutionGuid = {C849621E-D136-464C-BF1E-95E979D8E27F}
	EndGlobalSection
EndGlobal
